
Microsoft Visual Studio Solution File, Format Version 12.00
# Visual Studio 2012
Project("{2150E333-8FDC-42A3-9474-1A3956D46DE8}") = "Solution Items", "Solution Items", "{7E6AE299-6AEA-4007-8121-EB6165C2EB1E}"
	ProjectSection(SolutionItems) = preProject
		README.md = README.md
	EndProjectSection
EndProject
Project("{FAE04EC0-301F-11D3-BF4B-00C04F79EFBC}") = "MyCSharpLib", "MyCSharpLib\MyCSharpLib.csproj", "{DF93B984-BB29-4BE1-B28F-7E3A021EF909}"
EndProject
Project("{8BC9CEB8-8B4A-11D0-8D11-00A0C91BC942}") = "MyXOP", "MyXOP\MyXOP.vcxproj", "{EAEAA2C9-FFE6-4C74-97D1-BAA124AB45E9}"
EndProject
Global
	GlobalSection(SolutionConfigurationPlatforms) = preSolution
		Debug|Win32 = Debug|Win32
		Release|Win32 = Release|Win32
	EndGlobalSection
	GlobalSection(ProjectConfigurationPlatforms) = postSolution
		{DF93B984-BB29-4BE1-B28F-7E3A021EF909}.Debug|Win32.ActiveCfg = Debug|Any CPU
		{DF93B984-BB29-4BE1-B28F-7E3A021EF909}.Debug|Win32.Build.0 = Debug|Any CPU
		{DF93B984-BB29-4BE1-B28F-7E3A021EF909}.Release|Win32.ActiveCfg = Release|Any CPU
		{DF93B984-BB29-4BE1-B28F-7E3A021EF909}.Release|Win32.Build.0 = Release|Any CPU
		{EAEAA2C9-FFE6-4C74-97D1-BAA124AB45E9}.Debug|Win32.ActiveCfg = Debug|Win32
		{EAEAA2C9-FFE6-4C74-97D1-BAA124AB45E9}.Debug|Win32.Build.0 = Debug|Win32
		{EAEAA2C9-FFE6-4C74-97D1-BAA124AB45E9}.Release|Win32.ActiveCfg = Release|Win32
		{EAEAA2C9-FFE6-4C74-97D1-BAA124AB45E9}.Release|Win32.Build.0 = Release|Win32
	EndGlobalSection
	GlobalSection(SolutionProperties) = preSolution
		HideSolutionNode = FALSE
	EndGlobalSection
EndGlobal
